{
  "nodes": {
    "home-manager": {
      "inputs": {
        "nixpkgs": [
          "nixos-unstable"
        ],
        "utils": "utils"
      },
      "locked": {
        "lastModified": 1666080735,
        "narHash": "sha256-4YWYJgzt9mGuAvXAuEziYms+bYlk/1spyt3iLizRL5I=",
        "owner": "nix-community",
        "repo": "home-manager",
        "rev": "42f81ac107c5a9a177888080107094dba57f134e",
        "type": "github"
      },
      "original": {
        "owner": "nix-community",
        "repo": "home-manager",
        "type": "github"
      }
    },
    "nixos-unstable": {
      "locked": {
        "lastModified": 1665940183,
        "narHash": "sha256-cPe3F7CtnxU9YbJpc3Adl4d9kX+turqTv5FxM98i8vg=",
        "owner": "nixos",
        "repo": "nixpkgs",
        "rev": "104e8082de1b20f9d0e1f05b1028795ed0e0e4bc",
        "type": "github"
      },
      "original": {
        "owner": "nixos",
        "ref": "nixos-unstable",
        "repo": "nixpkgs",
        "type": "github"
      }
    },
    "nixos-unstable-lagging": {
      "locked": {
        "lastModified": 1660660232,
        "narHash": "sha256-tZRf4OZHi9GvVq8dilPg50/D/NX60Rk98nzWCTPCb6s=",
        "owner": "nixos",
        "repo": "nixpkgs",
        "rev": "a07dae92cbc280080ac17ece325e2a56bb91b654",
        "type": "github"
      },
      "original": {
        "owner": "nixos",
        "repo": "nixpkgs",
        "rev": "a07dae92cbc280080ac17ece325e2a56bb91b654",
        "type": "github"
      }
    },
    "nixos-unstable-small": {
      "locked": {
        "lastModified": 1666050224,
        "narHash": "sha256-QBgdBEXaJXN6EK9BNDIGjzhs3oW2ASXNFAd12+IJSIQ=",
        "owner": "nixos",
        "repo": "nixpkgs",
        "rev": "011e3c19c86a51b1583cd364c49364471b08d59d",
        "type": "github"
      },
      "original": {
        "owner": "nixos",
        "ref": "nixos-unstable-small",
        "repo": "nixpkgs",
        "type": "github"
      }
    },
    "root": {
      "inputs": {
        "home-manager": "home-manager",
        "nixos-unstable": "nixos-unstable",
        "nixos-unstable-lagging": "nixos-unstable-lagging",
        "nixos-unstable-small": "nixos-unstable-small"
      }
    },
    "utils": {
      "locked": {
        "lastModified": 1659877975,
        "narHash": "sha256-zllb8aq3YO3h8B/U0/J1WBgAL8EX5yWf5pMj3G0NAmc=",
        "owner": "numtide",
        "repo": "flake-utils",
        "rev": "c0e246b9b83f637f4681389ecabcb2681b4f3af0",
        "type": "github"
      },
      "original": {
        "owner": "numtide",
        "repo": "flake-utils",
        "type": "github"
      }
    }
  },
  "root": "root",
  "version": 7
}
