{
  "nodes": {
    "cachix": {
      "locked": {
        "lastModified": 1625560633,
        "narHash": "sha256-Uhg950dgJiytcaecOJ3KB2MWDOdtUEogVyon9m6J/3g=",
        "owner": "jonascarpay",
        "repo": "declarative-cachix",
        "rev": "1986455ab3e55804458bf6e7d2a5f5b8a68defce",
        "type": "github"
      },
      "original": {
        "owner": "jonascarpay",
        "repo": "declarative-cachix",
        "type": "github"
      }
    },
    "home-manager": {
      "inputs": {
        "nixpkgs": "nixpkgs"
      },
      "locked": {
        "lastModified": 1633097142,
        "narHash": "sha256-4fV9GkWyWw28/DBoIZBhbvoCSuzZQtcJFe5wxEpGLsI=",
        "owner": "nix-community",
        "repo": "home-manager",
        "rev": "d5151186aca3d706be73b02f47cff574cb91c641",
        "type": "github"
      },
      "original": {
        "owner": "nix-community",
        "repo": "home-manager",
        "type": "github"
      }
    },
    "nixpkgs": {
      "locked": {
        "lastModified": 1632411313,
        "narHash": "sha256-lekODc44lVo9/0EwGiX6LoEt2KhiPdcfNopealMJ7n4=",
        "path": "/nix/store/1y8fdj2a951by77n3vfpi6jyhmj2fvyg-source",
        "rev": "51bcdc4cdaac48535dabf0ad4642a66774c609ed",
        "type": "path"
      },
      "original": {
        "id": "nixpkgs",
        "type": "indirect"
      }
    },
    "nixpkgs-stable": {
      "locked": {
        "lastModified": 1632918953,
        "narHash": "sha256-XY3TKBfhP7wCu/SeqrwIkTWkyYHy5W1yRR8pxyzRY9Y=",
        "owner": "nixos",
        "repo": "nixpkgs",
        "rev": "ee90403e147b181300dffca5b0afa405e14f1945",
        "type": "github"
      },
      "original": {
        "owner": "nixos",
        "ref": "nixos-21.05",
        "repo": "nixpkgs",
        "type": "github"
      }
    },
    "nixpkgs_2": {
      "locked": {
        "lastModified": 1633080050,
        "narHash": "sha256-T9I2WnlUzAIL70dk9V1jqaYk3nypy/cMkWR19S47ZHc=",
        "owner": "nixos",
        "repo": "nixpkgs",
        "rev": "82155ff501c7622cb2336646bb62f7624261f6d7",
        "type": "github"
      },
      "original": {
        "owner": "nixos",
        "ref": "nixos-unstable",
        "repo": "nixpkgs",
        "type": "github"
      }
    },
    "root": {
      "inputs": {
        "cachix": "cachix",
        "home-manager": "home-manager",
        "nixpkgs": "nixpkgs_2",
        "nixpkgs-stable": "nixpkgs-stable"
      }
    }
  },
  "root": "root",
  "version": 7
}
