{
  "nodes": {
    "cachix": {
      "locked": {
        "lastModified": 1625560633,
        "narHash": "sha256-Uhg950dgJiytcaecOJ3KB2MWDOdtUEogVyon9m6J/3g=",
        "owner": "jonascarpay",
        "repo": "declarative-cachix",
        "rev": "1986455ab3e55804458bf6e7d2a5f5b8a68defce",
        "type": "github"
      },
      "original": {
        "owner": "jonascarpay",
        "repo": "declarative-cachix",
        "type": "github"
      }
    },
    "home-manager": {
      "inputs": {
        "nixpkgs": "nixpkgs"
      },
      "locked": {
        "lastModified": 1628946811,
        "narHash": "sha256-u/A1RzWyP88zbMwVFJ41BAkh9BTLbSLfCigrGAgyZKQ=",
        "owner": "nix-community",
        "repo": "home-manager",
        "rev": "72f3bc6fa461a2899a06c87c137c7135e410e387",
        "type": "github"
      },
      "original": {
        "owner": "nix-community",
        "repo": "home-manager",
        "type": "github"
      }
    },
    "nixpkgs": {
      "locked": {
        "lastModified": 1629107333,
        "narHash": "sha256-bKxrXdmtv7pSUU88ev7QGKVo8EegPk2osJMl64NfS4Y=",
        "owner": "NixOS",
        "repo": "nixpkgs",
        "rev": "a336bdd20987b683b8d4cbf90ea9adb6bced8caf",
        "type": "github"
      },
      "original": {
        "id": "nixpkgs",
        "type": "indirect"
      }
    },
    "nixpkgs-stable": {
      "locked": {
        "lastModified": 1629033443,
        "narHash": "sha256-Vo3TvQvR5hsd3incx/xOt6GFgTm651CYVauHS/irOFo=",
        "owner": "nixos",
        "repo": "nixpkgs",
        "rev": "8ac785da9843aa110caeed6c912875e46a415a11",
        "type": "github"
      },
      "original": {
        "owner": "nixos",
        "ref": "nixos-21.05",
        "repo": "nixpkgs",
        "type": "github"
      }
    },
    "nixpkgs_2": {
      "locked": {
        "lastModified": 1629048390,
        "narHash": "sha256-do7HuXFSKyj4ulMlRvGigNZCqOaGD9i0M3OLkFQgEAc=",
        "owner": "nixos",
        "repo": "nixpkgs",
        "rev": "e41ba38114055832e5ba4a851e9c00149eef3e4a",
        "type": "github"
      },
      "original": {
        "owner": "nixos",
        "ref": "nixos-unstable",
        "repo": "nixpkgs",
        "type": "github"
      }
    },
    "root": {
      "inputs": {
        "cachix": "cachix",
        "home-manager": "home-manager",
        "nixpkgs": "nixpkgs_2",
        "nixpkgs-stable": "nixpkgs-stable"
      }
    }
  },
  "root": "root",
  "version": 7
}
