{
  "nodes": {
    "cachix": {
      "locked": {
        "lastModified": 1625560633,
        "narHash": "sha256-Uhg950dgJiytcaecOJ3KB2MWDOdtUEogVyon9m6J/3g=",
        "owner": "jonascarpay",
        "repo": "declarative-cachix",
        "rev": "1986455ab3e55804458bf6e7d2a5f5b8a68defce",
        "type": "github"
      },
      "original": {
        "owner": "jonascarpay",
        "repo": "declarative-cachix",
        "type": "github"
      }
    },
    "home-manager": {
      "inputs": {
        "nixpkgs": "nixpkgs"
      },
      "locked": {
        "lastModified": 1641459437,
        "narHash": "sha256-z0IOcc6LLbVhyri/aTyWzRqJs3p1pBK9idOiMwCWiqs=",
        "owner": "nix-community",
        "repo": "home-manager",
        "rev": "c751aeb19e84a0a777f36fd5ea73482a066bb406",
        "type": "github"
      },
      "original": {
        "owner": "nix-community",
        "repo": "home-manager",
        "type": "github"
      }
    },
    "nixpkgs": {
      "locked": {
        "lastModified": 1641230035,
        "narHash": "sha256-hFyqihERaTbLxCOlugy/rpp22VLtLh8SPRnA2uu3F/8=",
        "path": "/nix/store/k6gcnpmwjmmmkrb8y8vzj47hmhra2g5h-source",
        "rev": "78cd22c1b8604de423546cd49bfe264b786eca13",
        "type": "path"
      },
      "original": {
        "id": "nixpkgs",
        "type": "indirect"
      }
    },
    "nixpkgs-master": {
      "locked": {
        "lastModified": 1641462693,
        "narHash": "sha256-NGJSRYiaPEx7Y/bMzXuxSJhZzOHm73I3H70ZLmV39VU=",
        "owner": "nixos",
        "repo": "nixpkgs",
        "rev": "30e656ba0d6984502d7b2f97da7c66c7e361a573",
        "type": "github"
      },
      "original": {
        "owner": "nixos",
        "repo": "nixpkgs",
        "type": "github"
      }
    },
    "nixpkgs-stable": {
      "locked": {
        "lastModified": 1641229786,
        "narHash": "sha256-WPPcLNbVu6ryj772GooUpF285LOvRHdOo/UNJgPnFYI=",
        "owner": "nixos",
        "repo": "nixpkgs",
        "rev": "88579effa7e88c25087faf6de6388d0cd1738dc0",
        "type": "github"
      },
      "original": {
        "owner": "nixos",
        "ref": "nixos-21.05",
        "repo": "nixpkgs",
        "type": "github"
      }
    },
    "nixpkgs-unstable": {
      "locked": {
        "lastModified": 1641230035,
        "narHash": "sha256-hFyqihERaTbLxCOlugy/rpp22VLtLh8SPRnA2uu3F/8=",
        "owner": "nixos",
        "repo": "nixpkgs",
        "rev": "78cd22c1b8604de423546cd49bfe264b786eca13",
        "type": "github"
      },
      "original": {
        "owner": "nixos",
        "ref": "nixos-unstable",
        "repo": "nixpkgs",
        "type": "github"
      }
    },
    "root": {
      "inputs": {
        "cachix": "cachix",
        "home-manager": "home-manager",
        "nixpkgs-master": "nixpkgs-master",
        "nixpkgs-stable": "nixpkgs-stable",
        "nixpkgs-unstable": "nixpkgs-unstable"
      }
    }
  },
  "root": "root",
  "version": 7
}
